
Microsoft Visual Studio Solution File, Format Version 12.00
# Visual Studio Version 17
VisualStudioVersion = 17.0.31903.59
MinimumVisualStudioVersion = 10.0.40219.1
Project("{FAE04EC0-301F-11D3-BF4B-00C04F79EFBC}") = "ProjectA", "ProjectA\ProjectA.csproj", "{E7E588DB-8A40-43F6-BBF9-7F1EF7CA2047}"
EndProject
Project("{FAE04EC0-301F-11D3-BF4B-00C04F79EFBC}") = "ProjectB", "ProjectB\ProjectB.csproj", "{137FF27A-BD33-487C-A05A-BA3A3495D4CC}"
EndProject
Project("{FAE04EC0-301F-11D3-BF4B-00C04F79EFBC}") = "ProjectD", "ProjectD\ProjectD.csproj", "{24266391-A273-44A2-95C6-9A31EEE9FDEE}"
EndProject
Project("{FAE04EC0-301F-11D3-BF4B-00C04F79EFBC}") = "ProjectC", "ProjectC\ProjectC.csproj", "{4505782C-736E-484D-A04B-B91364D302C1}"
EndProject
Project("{FAE04EC0-301F-11D3-BF4B-00C04F79EFBC}") = "ProjectE", "ProjectE\ProjectE.csproj", "{0A9C4035-9425-4905-B610-723532F1ED3F}"
EndProject
Project("{FAE04EC0-301F-11D3-BF4B-00C04F79EFBC}") = "ProjectF", "ProjectF\ProjectF.csproj", "{0A213D39-8717-40D4-90F1-8B9D4F5991A2}"
EndProject
Project("{FAE04EC0-301F-11D3-BF4B-00C04F79EFBC}") = "ProjectG", "ProjectG\ProjectG.csproj", "{58999FD1-109E-4D21-924A-84B282CFA1E0}"
EndProject
Project("{FAE04EC0-301F-11D3-BF4B-00C04F79EFBC}") = "ProjectH", "ProjectH\ProjectH.csproj", "{8B8DF50A-75F7-4B91-87EA-18DC8332C048}"
EndProject
Project("{FAE04EC0-301F-11D3-BF4B-00C04F79EFBC}") = "ProjectI", "ProjectI\ProjectI.csproj", "{D2CEDD10-A016-4A95-91EA-53E72E6DE981}"
EndProject
Global
	GlobalSection(SolutionConfigurationPlatforms) = preSolution
		Debug|Any CPU = Debug|Any CPU
		Release|Any CPU = Release|Any CPU
	EndGlobalSection
	GlobalSection(SolutionProperties) = preSolution
		HideSolutionNode = FALSE
	EndGlobalSection
	GlobalSection(ProjectConfigurationPlatforms) = postSolution
		{E7E588DB-8A40-43F6-BBF9-7F1EF7CA2047}.Debug|Any CPU.ActiveCfg = Debug|Any CPU
		{E7E588DB-8A40-43F6-BBF9-7F1EF7CA2047}.Debug|Any CPU.Build.0 = Debug|Any CPU
		{E7E588DB-8A40-43F6-BBF9-7F1EF7CA2047}.Release|Any CPU.ActiveCfg = Release|Any CPU
		{E7E588DB-8A40-43F6-BBF9-7F1EF7CA2047}.Release|Any CPU.Build.0 = Release|Any CPU
		{137FF27A-BD33-487C-A05A-BA3A3495D4CC}.Debug|Any CPU.ActiveCfg = Debug|Any CPU
		{137FF27A-BD33-487C-A05A-BA3A3495D4CC}.Debug|Any CPU.Build.0 = Debug|Any CPU
		{137FF27A-BD33-487C-A05A-BA3A3495D4CC}.Release|Any CPU.ActiveCfg = Release|Any CPU
		{137FF27A-BD33-487C-A05A-BA3A3495D4CC}.Release|Any CPU.Build.0 = Release|Any CPU
		{24266391-A273-44A2-95C6-9A31EEE9FDEE}.Debug|Any CPU.ActiveCfg = Debug|Any CPU
		{24266391-A273-44A2-95C6-9A31EEE9FDEE}.Debug|Any CPU.Build.0 = Debug|Any CPU
		{24266391-A273-44A2-95C6-9A31EEE9FDEE}.Release|Any CPU.ActiveCfg = Release|Any CPU
		{24266391-A273-44A2-95C6-9A31EEE9FDEE}.Release|Any CPU.Build.0 = Release|Any CPU
		{4505782C-736E-484D-A04B-B91364D302C1}.Debug|Any CPU.ActiveCfg = Debug|Any CPU
		{4505782C-736E-484D-A04B-B91364D302C1}.Debug|Any CPU.Build.0 = Debug|Any CPU
		{4505782C-736E-484D-A04B-B91364D302C1}.Release|Any CPU.ActiveCfg = Release|Any CPU
		{4505782C-736E-484D-A04B-B91364D302C1}.Release|Any CPU.Build.0 = Release|Any CPU
		{0A9C4035-9425-4905-B610-723532F1ED3F}.Debug|Any CPU.ActiveCfg = Debug|Any CPU
		{0A9C4035-9425-4905-B610-723532F1ED3F}.Debug|Any CPU.Build.0 = Debug|Any CPU
		{0A9C4035-9425-4905-B610-723532F1ED3F}.Release|Any CPU.ActiveCfg = Release|Any CPU
		{0A9C4035-9425-4905-B610-723532F1ED3F}.Release|Any CPU.Build.0 = Release|Any CPU
		{0A213D39-8717-40D4-90F1-8B9D4F5991A2}.Debug|Any CPU.ActiveCfg = Debug|Any CPU
		{0A213D39-8717-40D4-90F1-8B9D4F5991A2}.Debug|Any CPU.Build.0 = Debug|Any CPU
		{0A213D39-8717-40D4-90F1-8B9D4F5991A2}.Release|Any CPU.ActiveCfg = Release|Any CPU
		{0A213D39-8717-40D4-90F1-8B9D4F5991A2}.Release|Any CPU.Build.0 = Release|Any CPU
		{58999FD1-109E-4D21-924A-84B282CFA1E0}.Debug|Any CPU.ActiveCfg = Debug|Any CPU
		{58999FD1-109E-4D21-924A-84B282CFA1E0}.Debug|Any CPU.Build.0 = Debug|Any CPU
		{58999FD1-109E-4D21-924A-84B282CFA1E0}.Release|Any CPU.ActiveCfg = Release|Any CPU
		{58999FD1-109E-4D21-924A-84B282CFA1E0}.Release|Any CPU.Build.0 = Release|Any CPU
		{8B8DF50A-75F7-4B91-87EA-18DC8332C048}.Debug|Any CPU.ActiveCfg = Debug|Any CPU
		{8B8DF50A-75F7-4B91-87EA-18DC8332C048}.Debug|Any CPU.Build.0 = Debug|Any CPU
		{8B8DF50A-75F7-4B91-87EA-18DC8332C048}.Release|Any CPU.ActiveCfg = Release|Any CPU
		{8B8DF50A-75F7-4B91-87EA-18DC8332C048}.Release|Any CPU.Build.0 = Release|Any CPU
		{D2CEDD10-A016-4A95-91EA-53E72E6DE981}.Debug|Any CPU.ActiveCfg = Debug|Any CPU
		{D2CEDD10-A016-4A95-91EA-53E72E6DE981}.Debug|Any CPU.Build.0 = Debug|Any CPU
		{D2CEDD10-A016-4A95-91EA-53E72E6DE981}.Release|Any CPU.ActiveCfg = Release|Any CPU
		{D2CEDD10-A016-4A95-91EA-53E72E6DE981}.Release|Any CPU.Build.0 = Release|Any CPU
	EndGlobalSection
EndGlobal
