
Microsoft Visual Studio Solution File, Format Version 12.00
# Visual Studio Version 17
VisualStudioVersion = 17.0.31903.59
MinimumVisualStudioVersion = 10.0.40219.1
Project("{FAE04EC0-301F-11D3-BF4B-00C04F79EFBC}") = "BuilderExample", "BuilderExample\BuilderExample.csproj", "{36C15E69-2F51-40B4-9C26-B9437ABA4C81}"
EndProject
Project("{FAE04EC0-301F-11D3-BF4B-00C04F79EFBC}") = "WithoutBuilderExample", "WithoutBuilderExample\WithoutBuilderExample.csproj", "{C70E66CD-DFE5-455F-9D26-4D080469AB40}"
EndProject
Project("{FAE04EC0-301F-11D3-BF4B-00C04F79EFBC}") = "ComplexBuilderExample", "ComplexBuilderExample\ComplexBuilderExample.csproj", "{7FC2FC2C-AF67-4AF0-8CB4-0B9FE04DBF07}"
EndProject
Project("{FAE04EC0-301F-11D3-BF4B-00C04F79EFBC}") = "WithoutComplexBuilderExample", "WithoutComplexBuilderExample\WithoutComplexBuilderExample.csproj", "{E81E07BC-BEF4-46B6-A3CF-1FF73CF44736}"
EndProject
Global
	GlobalSection(SolutionConfigurationPlatforms) = preSolution
		Debug|Any CPU = Debug|Any CPU
		Release|Any CPU = Release|Any CPU
	EndGlobalSection
	GlobalSection(SolutionProperties) = preSolution
		HideSolutionNode = FALSE
	EndGlobalSection
	GlobalSection(ProjectConfigurationPlatforms) = postSolution
		{36C15E69-2F51-40B4-9C26-B9437ABA4C81}.Debug|Any CPU.ActiveCfg = Debug|Any CPU
		{36C15E69-2F51-40B4-9C26-B9437ABA4C81}.Debug|Any CPU.Build.0 = Debug|Any CPU
		{36C15E69-2F51-40B4-9C26-B9437ABA4C81}.Release|Any CPU.ActiveCfg = Release|Any CPU
		{36C15E69-2F51-40B4-9C26-B9437ABA4C81}.Release|Any CPU.Build.0 = Release|Any CPU
		{C70E66CD-DFE5-455F-9D26-4D080469AB40}.Debug|Any CPU.ActiveCfg = Debug|Any CPU
		{C70E66CD-DFE5-455F-9D26-4D080469AB40}.Debug|Any CPU.Build.0 = Debug|Any CPU
		{C70E66CD-DFE5-455F-9D26-4D080469AB40}.Release|Any CPU.ActiveCfg = Release|Any CPU
		{C70E66CD-DFE5-455F-9D26-4D080469AB40}.Release|Any CPU.Build.0 = Release|Any CPU
		{7FC2FC2C-AF67-4AF0-8CB4-0B9FE04DBF07}.Debug|Any CPU.ActiveCfg = Debug|Any CPU
		{7FC2FC2C-AF67-4AF0-8CB4-0B9FE04DBF07}.Debug|Any CPU.Build.0 = Debug|Any CPU
		{7FC2FC2C-AF67-4AF0-8CB4-0B9FE04DBF07}.Release|Any CPU.ActiveCfg = Release|Any CPU
		{7FC2FC2C-AF67-4AF0-8CB4-0B9FE04DBF07}.Release|Any CPU.Build.0 = Release|Any CPU
		{E81E07BC-BEF4-46B6-A3CF-1FF73CF44736}.Debug|Any CPU.ActiveCfg = Debug|Any CPU
		{E81E07BC-BEF4-46B6-A3CF-1FF73CF44736}.Debug|Any CPU.Build.0 = Debug|Any CPU
		{E81E07BC-BEF4-46B6-A3CF-1FF73CF44736}.Release|Any CPU.ActiveCfg = Release|Any CPU
		{E81E07BC-BEF4-46B6-A3CF-1FF73CF44736}.Release|Any CPU.Build.0 = Release|Any CPU
	EndGlobalSection
EndGlobal
