
Microsoft Visual Studio Solution File, Format Version 12.00
# Visual Studio Version 17
VisualStudioVersion = 17.0.31903.59
MinimumVisualStudioVersion = 10.0.40219.1
Project("{FAE04EC0-301F-11D3-BF4B-00C04F79EFBC}") = "ProjectA", "ProjectA\ProjectA.csproj", "{36A0041A-78C1-4BDF-9672-8A12ED85755D}"
EndProject
Project("{FAE04EC0-301F-11D3-BF4B-00C04F79EFBC}") = "ProjectB", "ProjectB\ProjectB.csproj", "{FA497062-FC15-438A-89F3-B53F86F274EA}"
EndProject
Project("{FAE04EC0-301F-11D3-BF4B-00C04F79EFBC}") = "ProjectC", "ProjectC\ProjectC.csproj", "{7FFD5391-B146-42B2-A61B-E0B5BAD48F1F}"
EndProject
Project("{FAE04EC0-301F-11D3-BF4B-00C04F79EFBC}") = "ProjectD", "ProjectD\ProjectD.csproj", "{D4C23FDF-2308-4E80-B15B-354804F062C8}"
EndProject
Global
	GlobalSection(SolutionConfigurationPlatforms) = preSolution
		Debug|Any CPU = Debug|Any CPU
		Release|Any CPU = Release|Any CPU
	EndGlobalSection
	GlobalSection(SolutionProperties) = preSolution
		HideSolutionNode = FALSE
	EndGlobalSection
	GlobalSection(ProjectConfigurationPlatforms) = postSolution
		{36A0041A-78C1-4BDF-9672-8A12ED85755D}.Debug|Any CPU.ActiveCfg = Debug|Any CPU
		{36A0041A-78C1-4BDF-9672-8A12ED85755D}.Debug|Any CPU.Build.0 = Debug|Any CPU
		{36A0041A-78C1-4BDF-9672-8A12ED85755D}.Release|Any CPU.ActiveCfg = Release|Any CPU
		{36A0041A-78C1-4BDF-9672-8A12ED85755D}.Release|Any CPU.Build.0 = Release|Any CPU
		{FA497062-FC15-438A-89F3-B53F86F274EA}.Debug|Any CPU.ActiveCfg = Debug|Any CPU
		{FA497062-FC15-438A-89F3-B53F86F274EA}.Debug|Any CPU.Build.0 = Debug|Any CPU
		{FA497062-FC15-438A-89F3-B53F86F274EA}.Release|Any CPU.ActiveCfg = Release|Any CPU
		{FA497062-FC15-438A-89F3-B53F86F274EA}.Release|Any CPU.Build.0 = Release|Any CPU
		{7FFD5391-B146-42B2-A61B-E0B5BAD48F1F}.Debug|Any CPU.ActiveCfg = Debug|Any CPU
		{7FFD5391-B146-42B2-A61B-E0B5BAD48F1F}.Debug|Any CPU.Build.0 = Debug|Any CPU
		{7FFD5391-B146-42B2-A61B-E0B5BAD48F1F}.Release|Any CPU.ActiveCfg = Release|Any CPU
		{7FFD5391-B146-42B2-A61B-E0B5BAD48F1F}.Release|Any CPU.Build.0 = Release|Any CPU
		{D4C23FDF-2308-4E80-B15B-354804F062C8}.Debug|Any CPU.ActiveCfg = Debug|Any CPU
		{D4C23FDF-2308-4E80-B15B-354804F062C8}.Debug|Any CPU.Build.0 = Debug|Any CPU
		{D4C23FDF-2308-4E80-B15B-354804F062C8}.Release|Any CPU.ActiveCfg = Release|Any CPU
		{D4C23FDF-2308-4E80-B15B-354804F062C8}.Release|Any CPU.Build.0 = Release|Any CPU
	EndGlobalSection
EndGlobal
