
Microsoft Visual Studio Solution File, Format Version 12.00
# Visual Studio Version 17
VisualStudioVersion = 17.0.31903.59
MinimumVisualStudioVersion = 10.0.40219.1
Project("{FAE04EC0-301F-11D3-BF4B-00C04F79EFBC}") = "var", "var\var.csproj", "{2F027113-F99A-4B9A-96D7-C9E2A38B0FA5}"
EndProject
Project("{FAE04EC0-301F-11D3-BF4B-00C04F79EFBC}") = "AbstractCard", "AbstractCard\AbstractCard.csproj", "{8FBFDB1C-CB65-4D64-94D6-8EF8E7D215F0}"
EndProject
Project("{FAE04EC0-301F-11D3-BF4B-00C04F79EFBC}") = "DelegateDefault", "DelegateDefault\DelegateDefault.csproj", "{3959D9A4-E65E-4714-9962-BE061085709D}"
EndProject
Project("{FAE04EC0-301F-11D3-BF4B-00C04F79EFBC}") = "Delegate", "DelegateTutorial\Delegate.csproj", "{4DB6FEBB-F585-4FDF-86A8-42C0FA82C5BC}"
EndProject
Project("{FAE04EC0-301F-11D3-BF4B-00C04F79EFBC}") = "Interfaces", "Interfaces\Interfaces.csproj", "{A2EB4DBE-DAEF-4E89-ACEE-FC546C2575D7}"
EndProject
Project("{FAE04EC0-301F-11D3-BF4B-00C04F79EFBC}") = "Relationship", "Relationship\Relationship.csproj", "{A76DA9FF-B077-4E15-A865-3392D78B5C6A}"
EndProject
Project("{FAE04EC0-301F-11D3-BF4B-00C04F79EFBC}") = "AbstractClass", "AbstractClass\AbstractClass.csproj", "{C4CCBA04-97B7-4E71-BBE6-60C3349CEEAF}"
EndProject
Project("{FAE04EC0-301F-11D3-BF4B-00C04F79EFBC}") = "AnonymousMethod", "AnonymousMethod\AnonymousMethod.csproj", "{688D2965-4C74-4EDB-B200-121A2EDED937}"
EndProject
Project("{FAE04EC0-301F-11D3-BF4B-00C04F79EFBC}") = "ArrayReadonly", "ArrayReadonly\ArrayReadonly.csproj", "{6E801C31-21A4-459A-B2E0-773E31EBAB60}"
EndProject
Project("{FAE04EC0-301F-11D3-BF4B-00C04F79EFBC}") = "CLA", "CLA\CLA.csproj", "{D2AC8189-E275-4E4A-B6A5-FCC2EE1CBA09}"
EndProject
Project("{FAE04EC0-301F-11D3-BF4B-00C04F79EFBC}") = "DelegateInvocationReturnValue", "DelegateInvocationReturnValue\DelegateInvocationReturnValue.csproj", "{8DB10EE2-2183-49FB-9B52-F225D240DA04}"
EndProject
Project("{FAE04EC0-301F-11D3-BF4B-00C04F79EFBC}") = "DelegateDefaultWithReturnType", "DelegateDefaultWithReturnType\DelegateDefaultWithReturnType.csproj", "{34D78C9E-850E-4781-8BA6-EF0D03980D82}"
EndProject
Project("{FAE04EC0-301F-11D3-BF4B-00C04F79EFBC}") = "Constructor", "Constructor\Constructor.csproj", "{EEF80E51-5F50-4BA5-8473-4B69370302BE}"
EndProject
Project("{FAE04EC0-301F-11D3-BF4B-00C04F79EFBC}") = "Constructor2", "Constructor2\Constructor2.csproj", "{0A59DD5F-CE33-488E-843E-405B298450CF}"
EndProject
Project("{FAE04EC0-301F-11D3-BF4B-00C04F79EFBC}") = "Constructor3", "Constructor3\Constructor3.csproj", "{4E97FAE7-0042-47CA-A28C-585F11B8030C}"
EndProject
Project("{FAE04EC0-301F-11D3-BF4B-00C04F79EFBC}") = "EnumTutorial", "EnumTutorial\EnumTutorial.csproj", "{072175C2-568A-491F-A48C-8704D7B9176F}"
EndProject
Project("{FAE04EC0-301F-11D3-BF4B-00C04F79EFBC}") = "EnumsToArray", "EnumsToArray\EnumsToArray.csproj", "{E8AFB321-9760-4526-A2AF-53034E323378}"
EndProject
Project("{FAE04EC0-301F-11D3-BF4B-00C04F79EFBC}") = "EnumHumanType", "EnumHumanType\EnumHumanType.csproj", "{A188DB4C-9FFB-47CD-B00F-0B00F838C280}"
EndProject
Project("{FAE04EC0-301F-11D3-BF4B-00C04F79EFBC}") = "InterfacePrinter", "InterfacePrinter\InterfacePrinter.csproj", "{9FA415D8-A3E0-4A95-8AC8-529FCE2E1C4D}"
EndProject
Project("{FAE04EC0-301F-11D3-BF4B-00C04F79EFBC}") = "InterfaceGameAndPlayer", "InterfaceGameAndPlayer\InterfaceGameAndPlayer.csproj", "{20F1CE96-5335-4FB8-8B7A-1410D612D027}"
EndProject
Project("{FAE04EC0-301F-11D3-BF4B-00C04F79EFBC}") = "Ref", "Ref\Ref.csproj", "{4EC935AD-6DF2-40EE-B109-57582990298E}"
EndProject
Project("{FAE04EC0-301F-11D3-BF4B-00C04F79EFBC}") = "In", "In\In.csproj", "{37491D24-2892-4D7B-9ECE-26940CAAF42E}"
EndProject
Project("{FAE04EC0-301F-11D3-BF4B-00C04F79EFBC}") = "Out", "Out\Out.csproj", "{ED93BE2F-33E1-4BD1-ADEB-51AEC15AB4EF}"
EndProject
Project("{FAE04EC0-301F-11D3-BF4B-00C04F79EFBC}") = "OutParse", "OutParse\OutParse.csproj", "{4AA2E155-29C1-4EFD-98E7-988E4D032B5A}"
EndProject
Project("{FAE04EC0-301F-11D3-BF4B-00C04F79EFBC}") = "Generic+Tuple", "Generic+Tuple\Generic+Tuple.csproj", "{D98189F0-6A52-4C12-BBAB-7DB18BDCF79F}"
EndProject
Project("{FAE04EC0-301F-11D3-BF4B-00C04F79EFBC}") = "GenericNotUseTuple", "GenericNotUseTuple\GenericNotUseTuple.csproj", "{6F71230A-2F76-4A23-B610-8A75A302A446}"
EndProject
Project("{FAE04EC0-301F-11D3-BF4B-00C04F79EFBC}") = "GenericConstraint", "GenericConstraint\GenericConstraint.csproj", "{4163F0F8-AEDD-4154-8AE1-27ACB9D957B2}"
EndProject
Project("{FAE04EC0-301F-11D3-BF4B-00C04F79EFBC}") = "ExceptionExample", "ExceptionExample\ExceptionExample.csproj", "{7D7F0BAA-D606-4CB5-9169-C8581E01D6D0}"
EndProject
Project("{FAE04EC0-301F-11D3-BF4B-00C04F79EFBC}") = "ExceptionExample2", "ExceptionExample2\ExceptionExample2.csproj", "{60B3C404-DF7F-4B2D-9456-358DBCED224E}"
EndProject
Project("{FAE04EC0-301F-11D3-BF4B-00C04F79EFBC}") = "OperatorOverloading", "OperatorOverloading\OperatorOverloading.csproj", "{786EF771-1465-46C2-B385-CD4E5A6FAF81}"
EndProject
Project("{FAE04EC0-301F-11D3-BF4B-00C04F79EFBC}") = "ObjectReturnAndParam", "ObjectReturnAndParam\ObjectReturnAndParam.csproj", "{B792FC31-EDE5-4A7E-8BB0-54C06667D4FF}"
EndProject
Project("{FAE04EC0-301F-11D3-BF4B-00C04F79EFBC}") = "Properties", "Properties\Properties.csproj", "{93B7F51C-B882-403B-8EE4-04B568B26DD7}"
EndProject
Project("{FAE04EC0-301F-11D3-BF4B-00C04F79EFBC}") = "PropertiesCustom", "PropertiesCustom\PropertiesCustom.csproj", "{0CBC9D51-5393-43B5-93A3-9E229022DE8F}"
EndProject
Project("{FAE04EC0-301F-11D3-BF4B-00C04F79EFBC}") = "ExtensionMethod", "ExtensionMethod\ExtensionMethod.csproj", "{FC896995-A2B1-46A7-AC1F-A630025089FB}"
EndProject
Project("{FAE04EC0-301F-11D3-BF4B-00C04F79EFBC}") = "ParamsInParameter", "ParamsInParameter\ParamsInParameter.csproj", "{6F4908D5-77F6-4BE8-BFF9-9E8EB3DE902F}"
EndProject
Project("{FAE04EC0-301F-11D3-BF4B-00C04F79EFBC}") = "MemoryShare", "MemoryShare\MemoryShare.csproj", "{9F078649-8250-46A4-B3EF-A1656D9FE30F}"
EndProject
Project("{FAE04EC0-301F-11D3-BF4B-00C04F79EFBC}") = "UpcastingDowncasting", "UpcastingDowncasting\UpcastingDowncasting.csproj", "{6350BE3C-71E0-47A4-B4FA-CDD5694BBF4F}"
EndProject
Project("{FAE04EC0-301F-11D3-BF4B-00C04F79EFBC}") = "Dynamic", "Dynamic\Dynamic.csproj", "{E6532A71-856C-4C6E-8F25-AC578A128EBA}"
EndProject
Project("{FAE04EC0-301F-11D3-BF4B-00C04F79EFBC}") = "GrandParentInheritance", "GrandParentInheritance\GrandParentInheritance.csproj", "{CA9CAC04-A85E-434C-A46C-B8154E7B0209}"
EndProject
Project("{FAE04EC0-301F-11D3-BF4B-00C04F79EFBC}") = "List", "List\List.csproj", "{4B7CFCC1-FFCA-4F29-AF45-D3187F53BE39}"
EndProject
Project("{FAE04EC0-301F-11D3-BF4B-00C04F79EFBC}") = "ActionInInterface", "ActionInInterface\ActionInInterface.csproj", "{C4FF99F2-840C-4DC9-8CD8-843227109DCB}"
EndProject
Project("{FAE04EC0-301F-11D3-BF4B-00C04F79EFBC}") = "PlayerData", "PlayerData\PlayerData.csproj", "{57DA9900-4116-4093-B87A-A95F6205EFFB}"
EndProject
Global
	GlobalSection(SolutionConfigurationPlatforms) = preSolution
		Debug|Any CPU = Debug|Any CPU
		Release|Any CPU = Release|Any CPU
	EndGlobalSection
	GlobalSection(SolutionProperties) = preSolution
		HideSolutionNode = FALSE
	EndGlobalSection
	GlobalSection(ProjectConfigurationPlatforms) = postSolution
		{2F027113-F99A-4B9A-96D7-C9E2A38B0FA5}.Debug|Any CPU.ActiveCfg = Debug|Any CPU
		{2F027113-F99A-4B9A-96D7-C9E2A38B0FA5}.Debug|Any CPU.Build.0 = Debug|Any CPU
		{2F027113-F99A-4B9A-96D7-C9E2A38B0FA5}.Release|Any CPU.ActiveCfg = Release|Any CPU
		{2F027113-F99A-4B9A-96D7-C9E2A38B0FA5}.Release|Any CPU.Build.0 = Release|Any CPU
		{8FBFDB1C-CB65-4D64-94D6-8EF8E7D215F0}.Debug|Any CPU.ActiveCfg = Debug|Any CPU
		{8FBFDB1C-CB65-4D64-94D6-8EF8E7D215F0}.Debug|Any CPU.Build.0 = Debug|Any CPU
		{8FBFDB1C-CB65-4D64-94D6-8EF8E7D215F0}.Release|Any CPU.ActiveCfg = Release|Any CPU
		{8FBFDB1C-CB65-4D64-94D6-8EF8E7D215F0}.Release|Any CPU.Build.0 = Release|Any CPU
		{3959D9A4-E65E-4714-9962-BE061085709D}.Debug|Any CPU.ActiveCfg = Debug|Any CPU
		{3959D9A4-E65E-4714-9962-BE061085709D}.Debug|Any CPU.Build.0 = Debug|Any CPU
		{3959D9A4-E65E-4714-9962-BE061085709D}.Release|Any CPU.ActiveCfg = Release|Any CPU
		{3959D9A4-E65E-4714-9962-BE061085709D}.Release|Any CPU.Build.0 = Release|Any CPU
		{4DB6FEBB-F585-4FDF-86A8-42C0FA82C5BC}.Debug|Any CPU.ActiveCfg = Debug|Any CPU
		{4DB6FEBB-F585-4FDF-86A8-42C0FA82C5BC}.Debug|Any CPU.Build.0 = Debug|Any CPU
		{4DB6FEBB-F585-4FDF-86A8-42C0FA82C5BC}.Release|Any CPU.ActiveCfg = Release|Any CPU
		{4DB6FEBB-F585-4FDF-86A8-42C0FA82C5BC}.Release|Any CPU.Build.0 = Release|Any CPU
		{A2EB4DBE-DAEF-4E89-ACEE-FC546C2575D7}.Debug|Any CPU.ActiveCfg = Debug|Any CPU
		{A2EB4DBE-DAEF-4E89-ACEE-FC546C2575D7}.Debug|Any CPU.Build.0 = Debug|Any CPU
		{A2EB4DBE-DAEF-4E89-ACEE-FC546C2575D7}.Release|Any CPU.ActiveCfg = Release|Any CPU
		{A2EB4DBE-DAEF-4E89-ACEE-FC546C2575D7}.Release|Any CPU.Build.0 = Release|Any CPU
		{A76DA9FF-B077-4E15-A865-3392D78B5C6A}.Debug|Any CPU.ActiveCfg = Debug|Any CPU
		{A76DA9FF-B077-4E15-A865-3392D78B5C6A}.Debug|Any CPU.Build.0 = Debug|Any CPU
		{A76DA9FF-B077-4E15-A865-3392D78B5C6A}.Release|Any CPU.ActiveCfg = Release|Any CPU
		{A76DA9FF-B077-4E15-A865-3392D78B5C6A}.Release|Any CPU.Build.0 = Release|Any CPU
		{C4CCBA04-97B7-4E71-BBE6-60C3349CEEAF}.Debug|Any CPU.ActiveCfg = Debug|Any CPU
		{C4CCBA04-97B7-4E71-BBE6-60C3349CEEAF}.Debug|Any CPU.Build.0 = Debug|Any CPU
		{C4CCBA04-97B7-4E71-BBE6-60C3349CEEAF}.Release|Any CPU.ActiveCfg = Release|Any CPU
		{C4CCBA04-97B7-4E71-BBE6-60C3349CEEAF}.Release|Any CPU.Build.0 = Release|Any CPU
		{688D2965-4C74-4EDB-B200-121A2EDED937}.Debug|Any CPU.ActiveCfg = Debug|Any CPU
		{688D2965-4C74-4EDB-B200-121A2EDED937}.Debug|Any CPU.Build.0 = Debug|Any CPU
		{688D2965-4C74-4EDB-B200-121A2EDED937}.Release|Any CPU.ActiveCfg = Release|Any CPU
		{688D2965-4C74-4EDB-B200-121A2EDED937}.Release|Any CPU.Build.0 = Release|Any CPU
		{6E801C31-21A4-459A-B2E0-773E31EBAB60}.Debug|Any CPU.ActiveCfg = Debug|Any CPU
		{6E801C31-21A4-459A-B2E0-773E31EBAB60}.Debug|Any CPU.Build.0 = Debug|Any CPU
		{6E801C31-21A4-459A-B2E0-773E31EBAB60}.Release|Any CPU.ActiveCfg = Release|Any CPU
		{6E801C31-21A4-459A-B2E0-773E31EBAB60}.Release|Any CPU.Build.0 = Release|Any CPU
		{D2AC8189-E275-4E4A-B6A5-FCC2EE1CBA09}.Debug|Any CPU.ActiveCfg = Debug|Any CPU
		{D2AC8189-E275-4E4A-B6A5-FCC2EE1CBA09}.Debug|Any CPU.Build.0 = Debug|Any CPU
		{D2AC8189-E275-4E4A-B6A5-FCC2EE1CBA09}.Release|Any CPU.ActiveCfg = Release|Any CPU
		{D2AC8189-E275-4E4A-B6A5-FCC2EE1CBA09}.Release|Any CPU.Build.0 = Release|Any CPU
		{E7736CBF-AB56-465B-A065-3A6B4CA9007B}.Debug|Any CPU.ActiveCfg = Debug|Any CPU
		{E7736CBF-AB56-465B-A065-3A6B4CA9007B}.Debug|Any CPU.Build.0 = Debug|Any CPU
		{E7736CBF-AB56-465B-A065-3A6B4CA9007B}.Release|Any CPU.ActiveCfg = Release|Any CPU
		{E7736CBF-AB56-465B-A065-3A6B4CA9007B}.Release|Any CPU.Build.0 = Release|Any CPU
		{8DB10EE2-2183-49FB-9B52-F225D240DA04}.Debug|Any CPU.ActiveCfg = Debug|Any CPU
		{8DB10EE2-2183-49FB-9B52-F225D240DA04}.Debug|Any CPU.Build.0 = Debug|Any CPU
		{8DB10EE2-2183-49FB-9B52-F225D240DA04}.Release|Any CPU.ActiveCfg = Release|Any CPU
		{8DB10EE2-2183-49FB-9B52-F225D240DA04}.Release|Any CPU.Build.0 = Release|Any CPU
		{A9B2500F-4A2D-4169-8597-672CDC52BB58}.Debug|Any CPU.ActiveCfg = Debug|Any CPU
		{A9B2500F-4A2D-4169-8597-672CDC52BB58}.Debug|Any CPU.Build.0 = Debug|Any CPU
		{A9B2500F-4A2D-4169-8597-672CDC52BB58}.Release|Any CPU.ActiveCfg = Release|Any CPU
		{A9B2500F-4A2D-4169-8597-672CDC52BB58}.Release|Any CPU.Build.0 = Release|Any CPU
		{34D78C9E-850E-4781-8BA6-EF0D03980D82}.Debug|Any CPU.ActiveCfg = Debug|Any CPU
		{34D78C9E-850E-4781-8BA6-EF0D03980D82}.Debug|Any CPU.Build.0 = Debug|Any CPU
		{34D78C9E-850E-4781-8BA6-EF0D03980D82}.Release|Any CPU.ActiveCfg = Release|Any CPU
		{34D78C9E-850E-4781-8BA6-EF0D03980D82}.Release|Any CPU.Build.0 = Release|Any CPU
		{EEF80E51-5F50-4BA5-8473-4B69370302BE}.Debug|Any CPU.ActiveCfg = Debug|Any CPU
		{EEF80E51-5F50-4BA5-8473-4B69370302BE}.Debug|Any CPU.Build.0 = Debug|Any CPU
		{EEF80E51-5F50-4BA5-8473-4B69370302BE}.Release|Any CPU.ActiveCfg = Release|Any CPU
		{EEF80E51-5F50-4BA5-8473-4B69370302BE}.Release|Any CPU.Build.0 = Release|Any CPU
		{0A59DD5F-CE33-488E-843E-405B298450CF}.Debug|Any CPU.ActiveCfg = Debug|Any CPU
		{0A59DD5F-CE33-488E-843E-405B298450CF}.Debug|Any CPU.Build.0 = Debug|Any CPU
		{0A59DD5F-CE33-488E-843E-405B298450CF}.Release|Any CPU.ActiveCfg = Release|Any CPU
		{0A59DD5F-CE33-488E-843E-405B298450CF}.Release|Any CPU.Build.0 = Release|Any CPU
		{4E97FAE7-0042-47CA-A28C-585F11B8030C}.Debug|Any CPU.ActiveCfg = Debug|Any CPU
		{4E97FAE7-0042-47CA-A28C-585F11B8030C}.Debug|Any CPU.Build.0 = Debug|Any CPU
		{4E97FAE7-0042-47CA-A28C-585F11B8030C}.Release|Any CPU.ActiveCfg = Release|Any CPU
		{4E97FAE7-0042-47CA-A28C-585F11B8030C}.Release|Any CPU.Build.0 = Release|Any CPU
		{072175C2-568A-491F-A48C-8704D7B9176F}.Debug|Any CPU.ActiveCfg = Debug|Any CPU
		{072175C2-568A-491F-A48C-8704D7B9176F}.Debug|Any CPU.Build.0 = Debug|Any CPU
		{072175C2-568A-491F-A48C-8704D7B9176F}.Release|Any CPU.ActiveCfg = Release|Any CPU
		{072175C2-568A-491F-A48C-8704D7B9176F}.Release|Any CPU.Build.0 = Release|Any CPU
		{E8AFB321-9760-4526-A2AF-53034E323378}.Debug|Any CPU.ActiveCfg = Debug|Any CPU
		{E8AFB321-9760-4526-A2AF-53034E323378}.Debug|Any CPU.Build.0 = Debug|Any CPU
		{E8AFB321-9760-4526-A2AF-53034E323378}.Release|Any CPU.ActiveCfg = Release|Any CPU
		{E8AFB321-9760-4526-A2AF-53034E323378}.Release|Any CPU.Build.0 = Release|Any CPU
		{A188DB4C-9FFB-47CD-B00F-0B00F838C280}.Debug|Any CPU.ActiveCfg = Debug|Any CPU
		{A188DB4C-9FFB-47CD-B00F-0B00F838C280}.Debug|Any CPU.Build.0 = Debug|Any CPU
		{A188DB4C-9FFB-47CD-B00F-0B00F838C280}.Release|Any CPU.ActiveCfg = Release|Any CPU
		{A188DB4C-9FFB-47CD-B00F-0B00F838C280}.Release|Any CPU.Build.0 = Release|Any CPU
		{9FA415D8-A3E0-4A95-8AC8-529FCE2E1C4D}.Debug|Any CPU.ActiveCfg = Debug|Any CPU
		{9FA415D8-A3E0-4A95-8AC8-529FCE2E1C4D}.Debug|Any CPU.Build.0 = Debug|Any CPU
		{9FA415D8-A3E0-4A95-8AC8-529FCE2E1C4D}.Release|Any CPU.ActiveCfg = Release|Any CPU
		{9FA415D8-A3E0-4A95-8AC8-529FCE2E1C4D}.Release|Any CPU.Build.0 = Release|Any CPU
		{20F1CE96-5335-4FB8-8B7A-1410D612D027}.Debug|Any CPU.ActiveCfg = Debug|Any CPU
		{20F1CE96-5335-4FB8-8B7A-1410D612D027}.Debug|Any CPU.Build.0 = Debug|Any CPU
		{20F1CE96-5335-4FB8-8B7A-1410D612D027}.Release|Any CPU.ActiveCfg = Release|Any CPU
		{20F1CE96-5335-4FB8-8B7A-1410D612D027}.Release|Any CPU.Build.0 = Release|Any CPU
		{4EC935AD-6DF2-40EE-B109-57582990298E}.Debug|Any CPU.ActiveCfg = Debug|Any CPU
		{4EC935AD-6DF2-40EE-B109-57582990298E}.Debug|Any CPU.Build.0 = Debug|Any CPU
		{4EC935AD-6DF2-40EE-B109-57582990298E}.Release|Any CPU.ActiveCfg = Release|Any CPU
		{4EC935AD-6DF2-40EE-B109-57582990298E}.Release|Any CPU.Build.0 = Release|Any CPU
		{37491D24-2892-4D7B-9ECE-26940CAAF42E}.Debug|Any CPU.ActiveCfg = Debug|Any CPU
		{37491D24-2892-4D7B-9ECE-26940CAAF42E}.Debug|Any CPU.Build.0 = Debug|Any CPU
		{37491D24-2892-4D7B-9ECE-26940CAAF42E}.Release|Any CPU.ActiveCfg = Release|Any CPU
		{37491D24-2892-4D7B-9ECE-26940CAAF42E}.Release|Any CPU.Build.0 = Release|Any CPU
		{ED93BE2F-33E1-4BD1-ADEB-51AEC15AB4EF}.Debug|Any CPU.ActiveCfg = Debug|Any CPU
		{ED93BE2F-33E1-4BD1-ADEB-51AEC15AB4EF}.Debug|Any CPU.Build.0 = Debug|Any CPU
		{ED93BE2F-33E1-4BD1-ADEB-51AEC15AB4EF}.Release|Any CPU.ActiveCfg = Release|Any CPU
		{ED93BE2F-33E1-4BD1-ADEB-51AEC15AB4EF}.Release|Any CPU.Build.0 = Release|Any CPU
		{4AA2E155-29C1-4EFD-98E7-988E4D032B5A}.Debug|Any CPU.ActiveCfg = Debug|Any CPU
		{4AA2E155-29C1-4EFD-98E7-988E4D032B5A}.Debug|Any CPU.Build.0 = Debug|Any CPU
		{4AA2E155-29C1-4EFD-98E7-988E4D032B5A}.Release|Any CPU.ActiveCfg = Release|Any CPU
		{4AA2E155-29C1-4EFD-98E7-988E4D032B5A}.Release|Any CPU.Build.0 = Release|Any CPU
		{D98189F0-6A52-4C12-BBAB-7DB18BDCF79F}.Debug|Any CPU.ActiveCfg = Debug|Any CPU
		{D98189F0-6A52-4C12-BBAB-7DB18BDCF79F}.Debug|Any CPU.Build.0 = Debug|Any CPU
		{D98189F0-6A52-4C12-BBAB-7DB18BDCF79F}.Release|Any CPU.ActiveCfg = Release|Any CPU
		{D98189F0-6A52-4C12-BBAB-7DB18BDCF79F}.Release|Any CPU.Build.0 = Release|Any CPU
		{6F71230A-2F76-4A23-B610-8A75A302A446}.Debug|Any CPU.ActiveCfg = Debug|Any CPU
		{6F71230A-2F76-4A23-B610-8A75A302A446}.Debug|Any CPU.Build.0 = Debug|Any CPU
		{6F71230A-2F76-4A23-B610-8A75A302A446}.Release|Any CPU.ActiveCfg = Release|Any CPU
		{6F71230A-2F76-4A23-B610-8A75A302A446}.Release|Any CPU.Build.0 = Release|Any CPU
		{4163F0F8-AEDD-4154-8AE1-27ACB9D957B2}.Debug|Any CPU.ActiveCfg = Debug|Any CPU
		{4163F0F8-AEDD-4154-8AE1-27ACB9D957B2}.Debug|Any CPU.Build.0 = Debug|Any CPU
		{4163F0F8-AEDD-4154-8AE1-27ACB9D957B2}.Release|Any CPU.ActiveCfg = Release|Any CPU
		{4163F0F8-AEDD-4154-8AE1-27ACB9D957B2}.Release|Any CPU.Build.0 = Release|Any CPU
		{7D7F0BAA-D606-4CB5-9169-C8581E01D6D0}.Debug|Any CPU.ActiveCfg = Debug|Any CPU
		{7D7F0BAA-D606-4CB5-9169-C8581E01D6D0}.Debug|Any CPU.Build.0 = Debug|Any CPU
		{7D7F0BAA-D606-4CB5-9169-C8581E01D6D0}.Release|Any CPU.ActiveCfg = Release|Any CPU
		{7D7F0BAA-D606-4CB5-9169-C8581E01D6D0}.Release|Any CPU.Build.0 = Release|Any CPU
		{60B3C404-DF7F-4B2D-9456-358DBCED224E}.Debug|Any CPU.ActiveCfg = Debug|Any CPU
		{60B3C404-DF7F-4B2D-9456-358DBCED224E}.Debug|Any CPU.Build.0 = Debug|Any CPU
		{60B3C404-DF7F-4B2D-9456-358DBCED224E}.Release|Any CPU.ActiveCfg = Release|Any CPU
		{60B3C404-DF7F-4B2D-9456-358DBCED224E}.Release|Any CPU.Build.0 = Release|Any CPU
		{786EF771-1465-46C2-B385-CD4E5A6FAF81}.Debug|Any CPU.ActiveCfg = Debug|Any CPU
		{786EF771-1465-46C2-B385-CD4E5A6FAF81}.Debug|Any CPU.Build.0 = Debug|Any CPU
		{786EF771-1465-46C2-B385-CD4E5A6FAF81}.Release|Any CPU.ActiveCfg = Release|Any CPU
		{786EF771-1465-46C2-B385-CD4E5A6FAF81}.Release|Any CPU.Build.0 = Release|Any CPU
		{B792FC31-EDE5-4A7E-8BB0-54C06667D4FF}.Debug|Any CPU.ActiveCfg = Debug|Any CPU
		{B792FC31-EDE5-4A7E-8BB0-54C06667D4FF}.Debug|Any CPU.Build.0 = Debug|Any CPU
		{B792FC31-EDE5-4A7E-8BB0-54C06667D4FF}.Release|Any CPU.ActiveCfg = Release|Any CPU
		{B792FC31-EDE5-4A7E-8BB0-54C06667D4FF}.Release|Any CPU.Build.0 = Release|Any CPU
		{93B7F51C-B882-403B-8EE4-04B568B26DD7}.Debug|Any CPU.ActiveCfg = Debug|Any CPU
		{93B7F51C-B882-403B-8EE4-04B568B26DD7}.Debug|Any CPU.Build.0 = Debug|Any CPU
		{93B7F51C-B882-403B-8EE4-04B568B26DD7}.Release|Any CPU.ActiveCfg = Release|Any CPU
		{93B7F51C-B882-403B-8EE4-04B568B26DD7}.Release|Any CPU.Build.0 = Release|Any CPU
		{0CBC9D51-5393-43B5-93A3-9E229022DE8F}.Debug|Any CPU.ActiveCfg = Debug|Any CPU
		{0CBC9D51-5393-43B5-93A3-9E229022DE8F}.Debug|Any CPU.Build.0 = Debug|Any CPU
		{0CBC9D51-5393-43B5-93A3-9E229022DE8F}.Release|Any CPU.ActiveCfg = Release|Any CPU
		{0CBC9D51-5393-43B5-93A3-9E229022DE8F}.Release|Any CPU.Build.0 = Release|Any CPU
		{FC896995-A2B1-46A7-AC1F-A630025089FB}.Debug|Any CPU.ActiveCfg = Debug|Any CPU
		{FC896995-A2B1-46A7-AC1F-A630025089FB}.Debug|Any CPU.Build.0 = Debug|Any CPU
		{FC896995-A2B1-46A7-AC1F-A630025089FB}.Release|Any CPU.ActiveCfg = Release|Any CPU
		{FC896995-A2B1-46A7-AC1F-A630025089FB}.Release|Any CPU.Build.0 = Release|Any CPU
		{6F4908D5-77F6-4BE8-BFF9-9E8EB3DE902F}.Debug|Any CPU.ActiveCfg = Debug|Any CPU
		{6F4908D5-77F6-4BE8-BFF9-9E8EB3DE902F}.Debug|Any CPU.Build.0 = Debug|Any CPU
		{6F4908D5-77F6-4BE8-BFF9-9E8EB3DE902F}.Release|Any CPU.ActiveCfg = Release|Any CPU
		{6F4908D5-77F6-4BE8-BFF9-9E8EB3DE902F}.Release|Any CPU.Build.0 = Release|Any CPU
		{9F078649-8250-46A4-B3EF-A1656D9FE30F}.Debug|Any CPU.ActiveCfg = Debug|Any CPU
		{9F078649-8250-46A4-B3EF-A1656D9FE30F}.Debug|Any CPU.Build.0 = Debug|Any CPU
		{9F078649-8250-46A4-B3EF-A1656D9FE30F}.Release|Any CPU.ActiveCfg = Release|Any CPU
		{9F078649-8250-46A4-B3EF-A1656D9FE30F}.Release|Any CPU.Build.0 = Release|Any CPU
		{6350BE3C-71E0-47A4-B4FA-CDD5694BBF4F}.Debug|Any CPU.ActiveCfg = Debug|Any CPU
		{6350BE3C-71E0-47A4-B4FA-CDD5694BBF4F}.Debug|Any CPU.Build.0 = Debug|Any CPU
		{6350BE3C-71E0-47A4-B4FA-CDD5694BBF4F}.Release|Any CPU.ActiveCfg = Release|Any CPU
		{6350BE3C-71E0-47A4-B4FA-CDD5694BBF4F}.Release|Any CPU.Build.0 = Release|Any CPU
		{E6532A71-856C-4C6E-8F25-AC578A128EBA}.Debug|Any CPU.ActiveCfg = Debug|Any CPU
		{E6532A71-856C-4C6E-8F25-AC578A128EBA}.Debug|Any CPU.Build.0 = Debug|Any CPU
		{E6532A71-856C-4C6E-8F25-AC578A128EBA}.Release|Any CPU.ActiveCfg = Release|Any CPU
		{E6532A71-856C-4C6E-8F25-AC578A128EBA}.Release|Any CPU.Build.0 = Release|Any CPU
		{CA9CAC04-A85E-434C-A46C-B8154E7B0209}.Debug|Any CPU.ActiveCfg = Debug|Any CPU
		{CA9CAC04-A85E-434C-A46C-B8154E7B0209}.Debug|Any CPU.Build.0 = Debug|Any CPU
		{CA9CAC04-A85E-434C-A46C-B8154E7B0209}.Release|Any CPU.ActiveCfg = Release|Any CPU
		{CA9CAC04-A85E-434C-A46C-B8154E7B0209}.Release|Any CPU.Build.0 = Release|Any CPU
		{4B7CFCC1-FFCA-4F29-AF45-D3187F53BE39}.Debug|Any CPU.ActiveCfg = Debug|Any CPU
		{4B7CFCC1-FFCA-4F29-AF45-D3187F53BE39}.Debug|Any CPU.Build.0 = Debug|Any CPU
		{4B7CFCC1-FFCA-4F29-AF45-D3187F53BE39}.Release|Any CPU.ActiveCfg = Release|Any CPU
		{4B7CFCC1-FFCA-4F29-AF45-D3187F53BE39}.Release|Any CPU.Build.0 = Release|Any CPU
		{C4FF99F2-840C-4DC9-8CD8-843227109DCB}.Debug|Any CPU.ActiveCfg = Debug|Any CPU
		{C4FF99F2-840C-4DC9-8CD8-843227109DCB}.Debug|Any CPU.Build.0 = Debug|Any CPU
		{C4FF99F2-840C-4DC9-8CD8-843227109DCB}.Release|Any CPU.ActiveCfg = Release|Any CPU
		{C4FF99F2-840C-4DC9-8CD8-843227109DCB}.Release|Any CPU.Build.0 = Release|Any CPU
		{57DA9900-4116-4093-B87A-A95F6205EFFB}.Debug|Any CPU.ActiveCfg = Debug|Any CPU
		{57DA9900-4116-4093-B87A-A95F6205EFFB}.Debug|Any CPU.Build.0 = Debug|Any CPU
		{57DA9900-4116-4093-B87A-A95F6205EFFB}.Release|Any CPU.ActiveCfg = Release|Any CPU
		{57DA9900-4116-4093-B87A-A95F6205EFFB}.Release|Any CPU.Build.0 = Release|Any CPU
	EndGlobalSection
EndGlobal
