
Microsoft Visual Studio Solution File, Format Version 12.00
# Visual Studio Version 17
VisualStudioVersion = 17.0.31903.59
MinimumVisualStudioVersion = 10.0.40219.1
Project("{FAE04EC0-301F-11D3-BF4B-00C04F79EFBC}") = "ProjectA", "ProjectA\ProjectA.csproj", "{B34C1BAC-8243-49FA-934C-E1392F262DE3}"
EndProject
Project("{FAE04EC0-301F-11D3-BF4B-00C04F79EFBC}") = "ProjectB", "ProjectB\ProjectB.csproj", "{E298A2BF-A6B1-44E4-98AE-D950DB42D976}"
EndProject
Project("{FAE04EC0-301F-11D3-BF4B-00C04F79EFBC}") = "ProjectC", "ProjectC\ProjectC.csproj", "{256505B6-D6C4-44FB-BB1E-FA942CCF5FD7}"
EndProject
Project("{FAE04EC0-301F-11D3-BF4B-00C04F79EFBC}") = "ProjectD", "ProjectD\ProjectD.csproj", "{75CB98EB-C0C3-4042-9E25-BFB8F6279F71}"
EndProject
Project("{FAE04EC0-301F-11D3-BF4B-00C04F79EFBC}") = "ProjectE", "ProjectE\ProjectE.csproj", "{99D89FE6-C89B-464B-B7B4-76BEFE8EAFFC}"
EndProject
Project("{FAE04EC0-301F-11D3-BF4B-00C04F79EFBC}") = "ProjectF", "ProjectF\ProjectF.csproj", "{9BE92641-7960-414D-851A-AA04D6E74262}"
EndProject
Global
	GlobalSection(SolutionConfigurationPlatforms) = preSolution
		Debug|Any CPU = Debug|Any CPU
		Release|Any CPU = Release|Any CPU
	EndGlobalSection
	GlobalSection(SolutionProperties) = preSolution
		HideSolutionNode = FALSE
	EndGlobalSection
	GlobalSection(ProjectConfigurationPlatforms) = postSolution
		{B34C1BAC-8243-49FA-934C-E1392F262DE3}.Debug|Any CPU.ActiveCfg = Debug|Any CPU
		{B34C1BAC-8243-49FA-934C-E1392F262DE3}.Debug|Any CPU.Build.0 = Debug|Any CPU
		{B34C1BAC-8243-49FA-934C-E1392F262DE3}.Release|Any CPU.ActiveCfg = Release|Any CPU
		{B34C1BAC-8243-49FA-934C-E1392F262DE3}.Release|Any CPU.Build.0 = Release|Any CPU
		{E298A2BF-A6B1-44E4-98AE-D950DB42D976}.Debug|Any CPU.ActiveCfg = Debug|Any CPU
		{E298A2BF-A6B1-44E4-98AE-D950DB42D976}.Debug|Any CPU.Build.0 = Debug|Any CPU
		{E298A2BF-A6B1-44E4-98AE-D950DB42D976}.Release|Any CPU.ActiveCfg = Release|Any CPU
		{E298A2BF-A6B1-44E4-98AE-D950DB42D976}.Release|Any CPU.Build.0 = Release|Any CPU
		{256505B6-D6C4-44FB-BB1E-FA942CCF5FD7}.Debug|Any CPU.ActiveCfg = Debug|Any CPU
		{256505B6-D6C4-44FB-BB1E-FA942CCF5FD7}.Debug|Any CPU.Build.0 = Debug|Any CPU
		{256505B6-D6C4-44FB-BB1E-FA942CCF5FD7}.Release|Any CPU.ActiveCfg = Release|Any CPU
		{256505B6-D6C4-44FB-BB1E-FA942CCF5FD7}.Release|Any CPU.Build.0 = Release|Any CPU
		{75CB98EB-C0C3-4042-9E25-BFB8F6279F71}.Debug|Any CPU.ActiveCfg = Debug|Any CPU
		{75CB98EB-C0C3-4042-9E25-BFB8F6279F71}.Debug|Any CPU.Build.0 = Debug|Any CPU
		{75CB98EB-C0C3-4042-9E25-BFB8F6279F71}.Release|Any CPU.ActiveCfg = Release|Any CPU
		{75CB98EB-C0C3-4042-9E25-BFB8F6279F71}.Release|Any CPU.Build.0 = Release|Any CPU
		{99D89FE6-C89B-464B-B7B4-76BEFE8EAFFC}.Debug|Any CPU.ActiveCfg = Debug|Any CPU
		{99D89FE6-C89B-464B-B7B4-76BEFE8EAFFC}.Debug|Any CPU.Build.0 = Debug|Any CPU
		{99D89FE6-C89B-464B-B7B4-76BEFE8EAFFC}.Release|Any CPU.ActiveCfg = Release|Any CPU
		{99D89FE6-C89B-464B-B7B4-76BEFE8EAFFC}.Release|Any CPU.Build.0 = Release|Any CPU
		{9BE92641-7960-414D-851A-AA04D6E74262}.Debug|Any CPU.ActiveCfg = Debug|Any CPU
		{9BE92641-7960-414D-851A-AA04D6E74262}.Debug|Any CPU.Build.0 = Debug|Any CPU
		{9BE92641-7960-414D-851A-AA04D6E74262}.Release|Any CPU.ActiveCfg = Release|Any CPU
		{9BE92641-7960-414D-851A-AA04D6E74262}.Release|Any CPU.Build.0 = Release|Any CPU
	EndGlobalSection
EndGlobal
