
Microsoft Visual Studio Solution File, Format Version 12.00
# Visual Studio Version 17
VisualStudioVersion = 17.5.002.0
MinimumVisualStudioVersion = 10.0.40219.1
Project("{9A19103F-16F7-4668-BE54-9A1E7A4F7556}") = "Finally", "Finally\Finally.csproj", "{4FCA7D60-26A7-47B6-9024-A00690F7CF39}"
EndProject
Project("{FAE04EC0-301F-11D3-BF4B-00C04F79EFBC}") = "Dispose", "Dispose\Dispose.csproj", "{64B39536-05E3-409D-9FCF-441C17738EE5}"
EndProject
Project("{FAE04EC0-301F-11D3-BF4B-00C04F79EFBC}") = "DisposeEarly", "DisposeEarly\DisposeEarly.csproj", "{8E352E83-A518-48F0-8436-CA83D188A6C5}"
EndProject
Project("{FAE04EC0-301F-11D3-BF4B-00C04F79EFBC}") = "Using", "Using\Using.csproj", "{5CE8F462-6229-464B-B44E-E042CFC2084E}"
EndProject
Project("{FAE04EC0-301F-11D3-BF4B-00C04F79EFBC}") = "UsingExample", "UsingExample\UsingExample.csproj", "{A77E3BEB-347C-4706-80EF-179331758E53}"
EndProject
Project("{FAE04EC0-301F-11D3-BF4B-00C04F79EFBC}") = "ConditionalCompilation", "ConditionalCompilation\ConditionalCompilation.csproj", "{D34B029C-6AF0-438D-A81F-2C64EBD13082}"
EndProject
Global
	GlobalSection(SolutionConfigurationPlatforms) = preSolution
		Debug|Any CPU = Debug|Any CPU
		Release|Any CPU = Release|Any CPU
	EndGlobalSection
	GlobalSection(ProjectConfigurationPlatforms) = postSolution
		{4FCA7D60-26A7-47B6-9024-A00690F7CF39}.Debug|Any CPU.ActiveCfg = Debug|Any CPU
		{4FCA7D60-26A7-47B6-9024-A00690F7CF39}.Debug|Any CPU.Build.0 = Debug|Any CPU
		{4FCA7D60-26A7-47B6-9024-A00690F7CF39}.Release|Any CPU.ActiveCfg = Release|Any CPU
		{4FCA7D60-26A7-47B6-9024-A00690F7CF39}.Release|Any CPU.Build.0 = Release|Any CPU
		{64B39536-05E3-409D-9FCF-441C17738EE5}.Debug|Any CPU.ActiveCfg = Debug|Any CPU
		{64B39536-05E3-409D-9FCF-441C17738EE5}.Debug|Any CPU.Build.0 = Debug|Any CPU
		{64B39536-05E3-409D-9FCF-441C17738EE5}.Release|Any CPU.ActiveCfg = Release|Any CPU
		{64B39536-05E3-409D-9FCF-441C17738EE5}.Release|Any CPU.Build.0 = Release|Any CPU
		{8E352E83-A518-48F0-8436-CA83D188A6C5}.Debug|Any CPU.ActiveCfg = Debug|Any CPU
		{8E352E83-A518-48F0-8436-CA83D188A6C5}.Debug|Any CPU.Build.0 = Debug|Any CPU
		{8E352E83-A518-48F0-8436-CA83D188A6C5}.Release|Any CPU.ActiveCfg = Release|Any CPU
		{8E352E83-A518-48F0-8436-CA83D188A6C5}.Release|Any CPU.Build.0 = Release|Any CPU
		{5CE8F462-6229-464B-B44E-E042CFC2084E}.Debug|Any CPU.ActiveCfg = Debug|Any CPU
		{5CE8F462-6229-464B-B44E-E042CFC2084E}.Debug|Any CPU.Build.0 = Debug|Any CPU
		{5CE8F462-6229-464B-B44E-E042CFC2084E}.Release|Any CPU.ActiveCfg = Release|Any CPU
		{5CE8F462-6229-464B-B44E-E042CFC2084E}.Release|Any CPU.Build.0 = Release|Any CPU
		{A77E3BEB-347C-4706-80EF-179331758E53}.Debug|Any CPU.ActiveCfg = Debug|Any CPU
		{A77E3BEB-347C-4706-80EF-179331758E53}.Debug|Any CPU.Build.0 = Debug|Any CPU
		{A77E3BEB-347C-4706-80EF-179331758E53}.Release|Any CPU.ActiveCfg = Release|Any CPU
		{A77E3BEB-347C-4706-80EF-179331758E53}.Release|Any CPU.Build.0 = Release|Any CPU
		{D34B029C-6AF0-438D-A81F-2C64EBD13082}.Debug|Any CPU.ActiveCfg = Debug|Any CPU
		{D34B029C-6AF0-438D-A81F-2C64EBD13082}.Debug|Any CPU.Build.0 = Debug|Any CPU
		{D34B029C-6AF0-438D-A81F-2C64EBD13082}.Release|Any CPU.ActiveCfg = Release|Any CPU
		{D34B029C-6AF0-438D-A81F-2C64EBD13082}.Release|Any CPU.Build.0 = Release|Any CPU
	EndGlobalSection
	GlobalSection(SolutionProperties) = preSolution
		HideSolutionNode = FALSE
	EndGlobalSection
	GlobalSection(ExtensibilityGlobals) = postSolution
		SolutionGuid = {0A6F33A5-A7E8-4A7D-8997-EE89FF707F1D}
	EndGlobalSection
EndGlobal
